{
  "name": "drawless-chess",
  "version": "0.1.0",
  "lockfileVersion": 3,
  "requires": true,
  "packages": {
    "": {
      "name": "drawless-chess",
      "version": "0.1.0",
      "license": "GPL-3.0-or-later",
      "dependencies": {
        "fairy-stockfish-nnue.wasm": "1.1.11",
        "ffish-es6": "0.7.9"
      },
      "devDependencies": {
        "kotlin-compiler": "^2.4.0"
      }
    },
    "node_modules/fairy-stockfish-nnue.wasm": {
      "version": "1.1.11",
      "resolved": "https://registry.npmjs.org/fairy-stockfish-nnue.wasm/-/fairy-stockfish-nnue.wasm-1.1.11.tgz",
      "integrity": "sha512-D5pocLErreRW+S1EPhprfeKo7iVWzLBIgWp5e8oRySDuNXopill2fRamUBRW4syWLAo4GMRr4noiE5b5F2sRkQ==",
      "license": "GPL-3.0"
    },
    "node_modules/ffish-es6": {
      "version": "0.7.9",
      "resolved": "https://registry.npmjs.org/ffish-es6/-/ffish-es6-0.7.9.tgz",
      "integrity": "sha512-UcXkfJUkbJrDI6NzQ9eorcPQ+qMw01bsaDXkW7J68ekDECGyinbZsAryzfx/iwK6oSAUSzgkbwBfEm2PNLT7Hw==",
      "license": "GPL-3.0"
    },
    "node_modules/kotlin-compiler": {
      "version": "2.4.0",
      "resolved": "https://registry.npmjs.org/kotlin-compiler/-/kotlin-compiler-2.4.0.tgz",
      "integrity": "sha512-KDT9lNALhQkENoRDQCLnpN+hObFSetSrNwDOD4vYEkug4WVouqaqBBWXU4XRwjaePn0NEnBkJzbj6SEnLf4CjA==",
      "dev": true,
      "license": "Apache-2.0",
      "bin": {
        "kotlinc-js": "bin/kotlinc-js-runner.js"
      }
    }
  }
}
